
Microsoft Visual Studio Solution File, Format Version 12.00
# Visual Studio 14
VisualStudioVersion = 14.0.24720.0
MinimumVisualStudioVersion = 10.0.40219.1
Project("{FAE04EC0-301F-11D3-BF4B-00C04F79EFBC}") = "ProjectDashboard", "Dashboard\ProjectDashboard.csproj", "{73AC73A4-13B0-4BB0-9501-261606A40739}"
EndProject
Project("{FAE04EC0-301F-11D3-BF4B-00C04F79EFBC}") = "Dashboard.DI.CompositionRoot", "Dashboard.DI.CompositionRoot\Dashboard.DI.CompositionRoot.csproj", "{1CBC9A54-58D7-439C-8C19-8FC9FFE24222}"
EndProject
Project("{2150E333-8FDC-42A3-9474-1A3956D46DE8}") = "Tests", "Tests", "{9D7ABAA3-9180-4FED-9921-E6489962B702}"
EndProject
Project("{FAE04EC0-301F-11D3-BF4B-00C04F79EFBC}") = "Dashboard.UnitTests", "UnitTests\Dashboard.UnitTests.csproj", "{9D6F2F42-B2AB-497F-B5BF-332471C5D26C}"
EndProject
Project("{2150E333-8FDC-42A3-9474-1A3956D46DE8}") = ".nuget", ".nuget", "{719DEB2D-196F-4DF2-BDAE-7271D79A1D2B}"
	ProjectSection(SolutionItems) = preProject
		.nuget\NuGet.Config = .nuget\NuGet.Config
		.nuget\NuGet.exe = .nuget\NuGet.exe
		.nuget\NuGet.targets = .nuget\NuGet.targets
	EndProjectSection
EndProject
Project("{2150E333-8FDC-42A3-9474-1A3956D46DE8}") = "UI", "UI", "{6FD0C2F7-6C45-497E-97F9-7713B9A46BF0}"
EndProject
Project("{2150E333-8FDC-42A3-9474-1A3956D46DE8}") = "Broker", "Broker", "{AEBDD0C9-678D-4E6F-B822-ECB9E4522975}"
EndProject
Project("{FAE04EC0-301F-11D3-BF4B-00C04F79EFBC}") = "Dashboard.DataAccess", "Dashboard.DataAccess\Dashboard.DataAccess.csproj", "{31B18F4A-AB97-4FB4-A044-86C39B091F03}"
EndProject
Project("{FAE04EC0-301F-11D3-BF4B-00C04F79EFBC}") = "Dashboard.Broker.DataAccess", "Dashboard.Broker.DataAccess\Dashboard.Broker.DataAccess.csproj", "{9B15965F-157B-472B-BE3F-B8C165E2F4E9}"
EndProject
Project("{FAE04EC0-301F-11D3-BF4B-00C04F79EFBC}") = "Dashboard.UI.Objects", "Dashboard.UI.Objects\Dashboard.UI.Objects.csproj", "{B9CBABE8-8025-40D5-B458-EE661340E1A3}"
EndProject
Project("{FAE04EC0-301F-11D3-BF4B-00C04F79EFBC}") = "Dashboard.Broker.Objects", "Dashboard.Broker.Objects\Dashboard.Broker.Objects.csproj", "{105B61D8-83F4-4BBF-A612-84EC87AB9AF8}"
EndProject
Project("{FAE04EC0-301F-11D3-BF4B-00C04F79EFBC}") = "Dashboard.Common", "Dashboard.Common\Dashboard.Common.csproj", "{5FCB46A1-3BB5-4498-B8F5-4A9F6456C084}"
EndProject
Project("{2150E333-8FDC-42A3-9474-1A3956D46DE8}") = "Solution Items", "Solution Items", "{AAA6F6D1-F8BC-4483-8701-DBAA47D2206D}"
	ProjectSection(SolutionItems) = preProject
		WebEssentials2015-Settings.json = WebEssentials2015-Settings.json
	EndProjectSection
EndProject
Project("{FAE04EC0-301F-11D3-BF4B-00C04F79EFBC}") = "Dashboard.Services", "Dashboard.Services\Dashboard.Services.csproj", "{8544D787-599A-483A-B91F-8C91466BEC19}"
EndProject
Project("{FAE04EC0-301F-11D3-BF4B-00C04F79EFBC}") = "Dashboard.UI.BrokerIntegration", "Dashboard.UI.BrokerIntegration\Dashboard.UI.BrokerIntegration.csproj", "{22133E14-2C53-42C0-92BD-68519574FEFF}"
	ProjectSection(ProjectDependencies) = postProject
		{D8F14D4C-C18C-453B-9BC8-ECE124E6FC13} = {D8F14D4C-C18C-453B-9BC8-ECE124E6FC13}
	EndProjectSection
EndProject
Project("{FAE04EC0-301F-11D3-BF4B-00C04F79EFBC}") = "Dashboard.Broker", "Dashboard.Broker\Dashboard.Broker.csproj", "{D8F14D4C-C18C-453B-9BC8-ECE124E6FC13}"
EndProject
Project("{FAE04EC0-301F-11D3-BF4B-00C04F79EFBC}") = "WindowsBrokerService", "WindowsBrokerService\WindowsBrokerService.csproj", "{C559C95E-D3F0-4ABC-A946-F2BBE7CB8DE4}"
EndProject
Project("{54435603-DBB4-11D2-8724-00A0C9A8B90C}") = "DashboardInstaller", "DashboardInstaller\DashboardInstaller.vdproj", "{BE6819F1-F35E-4537-A87C-7D84A5731024}"
EndProject
Global
	GlobalSection(SolutionConfigurationPlatforms) = preSolution
		Debug|Any CPU = Debug|Any CPU
		Release|Any CPU = Release|Any CPU
	EndGlobalSection
	GlobalSection(ProjectConfigurationPlatforms) = postSolution
		{73AC73A4-13B0-4BB0-9501-261606A40739}.Debug|Any CPU.ActiveCfg = Debug|Any CPU
		{73AC73A4-13B0-4BB0-9501-261606A40739}.Debug|Any CPU.Build.0 = Debug|Any CPU
		{73AC73A4-13B0-4BB0-9501-261606A40739}.Release|Any CPU.ActiveCfg = Release|Any CPU
		{73AC73A4-13B0-4BB0-9501-261606A40739}.Release|Any CPU.Build.0 = Release|Any CPU
		{1CBC9A54-58D7-439C-8C19-8FC9FFE24222}.Debug|Any CPU.ActiveCfg = Debug|Any CPU
		{1CBC9A54-58D7-439C-8C19-8FC9FFE24222}.Debug|Any CPU.Build.0 = Debug|Any CPU
		{1CBC9A54-58D7-439C-8C19-8FC9FFE24222}.Release|Any CPU.ActiveCfg = Release|Any CPU
		{1CBC9A54-58D7-439C-8C19-8FC9FFE24222}.Release|Any CPU.Build.0 = Release|Any CPU
		{9D6F2F42-B2AB-497F-B5BF-332471C5D26C}.Debug|Any CPU.ActiveCfg = Debug|Any CPU
		{9D6F2F42-B2AB-497F-B5BF-332471C5D26C}.Debug|Any CPU.Build.0 = Debug|Any CPU
		{9D6F2F42-B2AB-497F-B5BF-332471C5D26C}.Release|Any CPU.ActiveCfg = Release|Any CPU
		{9D6F2F42-B2AB-497F-B5BF-332471C5D26C}.Release|Any CPU.Build.0 = Release|Any CPU
		{31B18F4A-AB97-4FB4-A044-86C39B091F03}.Debug|Any CPU.ActiveCfg = Debug|Any CPU
		{31B18F4A-AB97-4FB4-A044-86C39B091F03}.Debug|Any CPU.Build.0 = Debug|Any CPU
		{31B18F4A-AB97-4FB4-A044-86C39B091F03}.Release|Any CPU.ActiveCfg = Release|Any CPU
		{31B18F4A-AB97-4FB4-A044-86C39B091F03}.Release|Any CPU.Build.0 = Release|Any CPU
		{9B15965F-157B-472B-BE3F-B8C165E2F4E9}.Debug|Any CPU.ActiveCfg = Debug|Any CPU
		{9B15965F-157B-472B-BE3F-B8C165E2F4E9}.Debug|Any CPU.Build.0 = Debug|Any CPU
		{9B15965F-157B-472B-BE3F-B8C165E2F4E9}.Release|Any CPU.ActiveCfg = Release|Any CPU
		{9B15965F-157B-472B-BE3F-B8C165E2F4E9}.Release|Any CPU.Build.0 = Release|Any CPU
		{B9CBABE8-8025-40D5-B458-EE661340E1A3}.Debug|Any CPU.ActiveCfg = Debug|Any CPU
		{B9CBABE8-8025-40D5-B458-EE661340E1A3}.Debug|Any CPU.Build.0 = Debug|Any CPU
		{B9CBABE8-8025-40D5-B458-EE661340E1A3}.Release|Any CPU.ActiveCfg = Release|Any CPU
		{B9CBABE8-8025-40D5-B458-EE661340E1A3}.Release|Any CPU.Build.0 = Release|Any CPU
		{105B61D8-83F4-4BBF-A612-84EC87AB9AF8}.Debug|Any CPU.ActiveCfg = Debug|Any CPU
		{105B61D8-83F4-4BBF-A612-84EC87AB9AF8}.Debug|Any CPU.Build.0 = Debug|Any CPU
		{105B61D8-83F4-4BBF-A612-84EC87AB9AF8}.Release|Any CPU.ActiveCfg = Release|Any CPU
		{105B61D8-83F4-4BBF-A612-84EC87AB9AF8}.Release|Any CPU.Build.0 = Release|Any CPU
		{5FCB46A1-3BB5-4498-B8F5-4A9F6456C084}.Debug|Any CPU.ActiveCfg = Debug|Any CPU
		{5FCB46A1-3BB5-4498-B8F5-4A9F6456C084}.Debug|Any CPU.Build.0 = Debug|Any CPU
		{5FCB46A1-3BB5-4498-B8F5-4A9F6456C084}.Release|Any CPU.ActiveCfg = Release|Any CPU
		{5FCB46A1-3BB5-4498-B8F5-4A9F6456C084}.Release|Any CPU.Build.0 = Release|Any CPU
		{8544D787-599A-483A-B91F-8C91466BEC19}.Debug|Any CPU.ActiveCfg = Debug|Any CPU
		{8544D787-599A-483A-B91F-8C91466BEC19}.Debug|Any CPU.Build.0 = Debug|Any CPU
		{8544D787-599A-483A-B91F-8C91466BEC19}.Release|Any CPU.ActiveCfg = Release|Any CPU
		{8544D787-599A-483A-B91F-8C91466BEC19}.Release|Any CPU.Build.0 = Release|Any CPU
		{22133E14-2C53-42C0-92BD-68519574FEFF}.Debug|Any CPU.ActiveCfg = Debug|Any CPU
		{22133E14-2C53-42C0-92BD-68519574FEFF}.Debug|Any CPU.Build.0 = Debug|Any CPU
		{22133E14-2C53-42C0-92BD-68519574FEFF}.Release|Any CPU.ActiveCfg = Release|Any CPU
		{22133E14-2C53-42C0-92BD-68519574FEFF}.Release|Any CPU.Build.0 = Release|Any CPU
		{D8F14D4C-C18C-453B-9BC8-ECE124E6FC13}.Debug|Any CPU.ActiveCfg = Debug|Any CPU
		{D8F14D4C-C18C-453B-9BC8-ECE124E6FC13}.Debug|Any CPU.Build.0 = Debug|Any CPU
		{D8F14D4C-C18C-453B-9BC8-ECE124E6FC13}.Release|Any CPU.ActiveCfg = Release|Any CPU
		{D8F14D4C-C18C-453B-9BC8-ECE124E6FC13}.Release|Any CPU.Build.0 = Release|Any CPU
		{C559C95E-D3F0-4ABC-A946-F2BBE7CB8DE4}.Debug|Any CPU.ActiveCfg = Debug|Any CPU
		{C559C95E-D3F0-4ABC-A946-F2BBE7CB8DE4}.Debug|Any CPU.Build.0 = Debug|Any CPU
		{C559C95E-D3F0-4ABC-A946-F2BBE7CB8DE4}.Release|Any CPU.ActiveCfg = Release|Any CPU
		{C559C95E-D3F0-4ABC-A946-F2BBE7CB8DE4}.Release|Any CPU.Build.0 = Release|Any CPU
		{BE6819F1-F35E-4537-A87C-7D84A5731024}.Debug|Any CPU.ActiveCfg = Debug
		{BE6819F1-F35E-4537-A87C-7D84A5731024}.Release|Any CPU.ActiveCfg = Release
	EndGlobalSection
	GlobalSection(SolutionProperties) = preSolution
		HideSolutionNode = FALSE
	EndGlobalSection
	GlobalSection(NestedProjects) = preSolution
		{73AC73A4-13B0-4BB0-9501-261606A40739} = {6FD0C2F7-6C45-497E-97F9-7713B9A46BF0}
		{1CBC9A54-58D7-439C-8C19-8FC9FFE24222} = {6FD0C2F7-6C45-497E-97F9-7713B9A46BF0}
		{9D6F2F42-B2AB-497F-B5BF-332471C5D26C} = {9D7ABAA3-9180-4FED-9921-E6489962B702}
		{31B18F4A-AB97-4FB4-A044-86C39B091F03} = {6FD0C2F7-6C45-497E-97F9-7713B9A46BF0}
		{9B15965F-157B-472B-BE3F-B8C165E2F4E9} = {AEBDD0C9-678D-4E6F-B822-ECB9E4522975}
		{B9CBABE8-8025-40D5-B458-EE661340E1A3} = {6FD0C2F7-6C45-497E-97F9-7713B9A46BF0}
		{105B61D8-83F4-4BBF-A612-84EC87AB9AF8} = {AEBDD0C9-678D-4E6F-B822-ECB9E4522975}
		{8544D787-599A-483A-B91F-8C91466BEC19} = {6FD0C2F7-6C45-497E-97F9-7713B9A46BF0}
		{22133E14-2C53-42C0-92BD-68519574FEFF} = {6FD0C2F7-6C45-497E-97F9-7713B9A46BF0}
		{D8F14D4C-C18C-453B-9BC8-ECE124E6FC13} = {AEBDD0C9-678D-4E6F-B822-ECB9E4522975}
		{C559C95E-D3F0-4ABC-A946-F2BBE7CB8DE4} = {AEBDD0C9-678D-4E6F-B822-ECB9E4522975}
		{BE6819F1-F35E-4537-A87C-7D84A5731024} = {AAA6F6D1-F8BC-4483-8701-DBAA47D2206D}
	EndGlobalSection
EndGlobal
